{
    "name": "helloworld",
    "version": "1.0.0",
    "lockfileVersion": 1,
    "requires": true,
    "dependencies": {
        "cordova-plugin-gaodelocation": {
            "version": "git+https://github.com/DaiHuaXieHuaKai/GaoDeLocation.git#b561f0ee643472d762d7ddd9137e891f629b377b",
            "from": "git+https://github.com/DaiHuaXieHuaKai/GaoDeLocation.git"
        },
        "cordova-plugin-qrscanner": {
            "version": "2.6.0",
            "resolved": "https://registry.npmjs.org/cordova-plugin-qrscanner/-/cordova-plugin-qrscanner-2.6.0.tgz",
            "integrity": "sha512-bgy+cG0HdpuSW/JxHDFQYaO46Ma8nYTjwduhhWhMmuYeljozqQ4RJcwhJQaxHnjuDi3XDz+rHkszOEOhlSG23w==",
            "requires": {
                "qrcode-reader": "^1.0.4",
                "webrtc-adapter": "^3.1.4"
            }
        },
        "cordova-plugin-whitelist": {
            "version": "1.3.3",
            "resolved": "https://registry.npmjs.org/cordova-plugin-whitelist/-/cordova-plugin-whitelist-1.3.3.tgz",
            "integrity": "sha1-tehezbv+Wu3tQKG/TuI3LmfZb7Q="
        },
        "qrcode-reader": {
            "version": "1.0.4",
            "resolved": "https://registry.npmjs.org/qrcode-reader/-/qrcode-reader-1.0.4.tgz",
            "integrity": "sha512-rRjALGNh9zVqvweg1j5OKIQKNsw3bLC+7qwlnead5K/9cb1cEIAGkwikt/09U0K+2IDWGD9CC6SP7tHAjUeqvQ=="
        },
        "sdp": {
            "version": "1.5.4",
            "resolved": "https://registry.npmjs.org/sdp/-/sdp-1.5.4.tgz",
            "integrity": "sha1-jgOPbdsUvXZa4fS1IW4SCUUR4NA="
        },
        "webrtc-adapter": {
            "version": "3.4.3",
            "resolved": "https://registry.npmjs.org/webrtc-adapter/-/webrtc-adapter-3.4.3.tgz",
            "integrity": "sha1-tjYGLu6abvFYrNDYUBtnhDS1bxY=",
            "requires": {
                "sdp": "^1.5.0"
            }
        }
    }
}
